{
  "name": "test",
  "version": "1.0.0",
  "lockfileVersion": 1,
  "requires": true,
  "dependencies": {
    "publishnpmpackages": {
      "version": "1.0.1",
      "resolved": "https://registry.npmjs.org/publishnpmpackages/-/publishnpmpackages-1.0.1.tgz",
      "integrity": "sha512-K690CBikE/+Id4w0Bgh7xQiqmc6tVcyNmW2GY/g0wMnr/wxi4PNwnT64s/MUxhYgSrcY28dZSNoUiT4ySlLQFA=="
    }
  }
}
